github.com/fsgo/fst v0.0.5 h1:c12J39shorNiS3X9QsK6sg/KUzw8FOA3IoKPb/upj7E=
github.com/fsgo/fst v0.0.5/go.mod h1:vNB0la0LICDwsMuwD7KR8NNDnslYyH/1x1+fOamXra8=
github.com/xanygo/anygo v0.0.0-20250104114639-c8b725d465b7 h1:QMzK54kqjfTs7wlt1M14Dc8x3ps3HG0QK3+FIOOD43s=
github.com/xanygo/anygo v0.0.0-20250104114639-c8b725d465b7/go.mod h1:FTDUoqCo3L2B6w2BMqMCWKLJAMUJ/rLXBfopuf4uHsk=
