github.com/fsgo/fst v0.0.6 h1:250lrVQKcHIJv4aHKcQIRfNknVhbluXnF1suHU8wuAo=
github.com/fsgo/fst v0.0.6/go.mod h1:vNB0la0LICDwsMuwD7KR8NNDnslYyH/1x1+fOamXra8=
github.com/xanygo/anygo v0.0.0-20251016054658-39708a3b0696 h1:Kip2BJymXpMQS0MCg3a8VSvEP7shgLJP5HxzbWKQr8Y=
github.com/xanygo/anygo v0.0.0-20251016054658-39708a3b0696/go.mod h1:KFDcoWNyMImt028pI21gphRDx4XBjBEkAIe8ejiVEjk=
